
Microsoft Visual Studio Solution File, Format Version 12.00
# Visual Studio Version 17
VisualStudioVersion = 17.11.35103.136
MinimumVisualStudioVersion = 10.0.40219.1
Project("{9A19103F-16F7-4668-BE54-9A1E7A4F7556}") = "Session #04 OOP", "Session #04 OOP\Session #04 OOP.csproj", "{2C017658-F2A6-49D8-A6A3-EE24CFA4DE60}"
EndProject
Project("{FAE04EC0-301F-11D3-BF4B-00C04F79EFBC}") = "Assignment #04 OOP", "Assignment #04 OOP\Assignment #04 OOP.csproj", "{F44F247F-72DE-46FF-B75E-6729D1A17A4F}"
EndProject
Global
	GlobalSection(SolutionConfigurationPlatforms) = preSolution
		Debug|Any CPU = Debug|Any CPU
		Release|Any CPU = Release|Any CPU
	EndGlobalSection
	GlobalSection(ProjectConfigurationPlatforms) = postSolution
		{2C017658-F2A6-49D8-A6A3-EE24CFA4DE60}.Debug|Any CPU.ActiveCfg = Debug|Any CPU
		{2C017658-F2A6-49D8-A6A3-EE24CFA4DE60}.Debug|Any CPU.Build.0 = Debug|Any CPU
		{2C017658-F2A6-49D8-A6A3-EE24CFA4DE60}.Release|Any CPU.ActiveCfg = Release|Any CPU
		{2C017658-F2A6-49D8-A6A3-EE24CFA4DE60}.Release|Any CPU.Build.0 = Release|Any CPU
		{F44F247F-72DE-46FF-B75E-6729D1A17A4F}.Debug|Any CPU.ActiveCfg = Debug|Any CPU
		{F44F247F-72DE-46FF-B75E-6729D1A17A4F}.Debug|Any CPU.Build.0 = Debug|Any CPU
		{F44F247F-72DE-46FF-B75E-6729D1A17A4F}.Release|Any CPU.ActiveCfg = Release|Any CPU
		{F44F247F-72DE-46FF-B75E-6729D1A17A4F}.Release|Any CPU.Build.0 = Release|Any CPU
	EndGlobalSection
	GlobalSection(SolutionProperties) = preSolution
		HideSolutionNode = FALSE
	EndGlobalSection
	GlobalSection(ExtensibilityGlobals) = postSolution
		SolutionGuid = {82A66A6D-4E70-4A96-8311-98B7A0647884}
	EndGlobalSection
EndGlobal
