
Microsoft Visual Studio Solution File, Format Version 12.00
# Visual Studio Version 17
VisualStudioVersion = 17.11.35005.142
MinimumVisualStudioVersion = 10.0.40219.1
Project("{9A19103F-16F7-4668-BE54-9A1E7A4F7556}") = "Task", "Task\Task.csproj", "{1BFFABD1-AEA7-4434-B936-B1B532C02178}"
EndProject
Project("{9A19103F-16F7-4668-BE54-9A1E7A4F7556}") = "Demo", "Demo\Demo.csproj", "{B0F1E30C-86FC-41E5-9AA5-BDF7DE9CB125}"
EndProject
Project("{FAE04EC0-301F-11D3-BF4B-00C04F79EFBC}") = "Mohab_Mon&Thurs_4pm_C# 04", "Mohab_Mon&Thurs_4pm_C# 04\Mohab_Mon&Thurs_4pm_C# 04.csproj", "{1AAC1038-AC69-4A3B-9927-668A5C0B5A99}"
EndProject
Global
	GlobalSection(SolutionConfigurationPlatforms) = preSolution
		Debug|Any CPU = Debug|Any CPU
		Release|Any CPU = Release|Any CPU
	EndGlobalSection
	GlobalSection(ProjectConfigurationPlatforms) = postSolution
		{1BFFABD1-AEA7-4434-B936-B1B532C02178}.Debug|Any CPU.ActiveCfg = Debug|Any CPU
		{1BFFABD1-AEA7-4434-B936-B1B532C02178}.Debug|Any CPU.Build.0 = Debug|Any CPU
		{1BFFABD1-AEA7-4434-B936-B1B532C02178}.Release|Any CPU.ActiveCfg = Release|Any CPU
		{1BFFABD1-AEA7-4434-B936-B1B532C02178}.Release|Any CPU.Build.0 = Release|Any CPU
		{B0F1E30C-86FC-41E5-9AA5-BDF7DE9CB125}.Debug|Any CPU.ActiveCfg = Debug|Any CPU
		{B0F1E30C-86FC-41E5-9AA5-BDF7DE9CB125}.Debug|Any CPU.Build.0 = Debug|Any CPU
		{B0F1E30C-86FC-41E5-9AA5-BDF7DE9CB125}.Release|Any CPU.ActiveCfg = Release|Any CPU
		{B0F1E30C-86FC-41E5-9AA5-BDF7DE9CB125}.Release|Any CPU.Build.0 = Release|Any CPU
		{1AAC1038-AC69-4A3B-9927-668A5C0B5A99}.Debug|Any CPU.ActiveCfg = Debug|Any CPU
		{1AAC1038-AC69-4A3B-9927-668A5C0B5A99}.Debug|Any CPU.Build.0 = Debug|Any CPU
		{1AAC1038-AC69-4A3B-9927-668A5C0B5A99}.Release|Any CPU.ActiveCfg = Release|Any CPU
		{1AAC1038-AC69-4A3B-9927-668A5C0B5A99}.Release|Any CPU.Build.0 = Release|Any CPU
	EndGlobalSection
	GlobalSection(SolutionProperties) = preSolution
		HideSolutionNode = FALSE
	EndGlobalSection
	GlobalSection(ExtensibilityGlobals) = postSolution
		SolutionGuid = {5A509B78-DA6A-435F-82E3-C4F33595EDD8}
	EndGlobalSection
EndGlobal
